
Microsoft Visual Studio Solution File, Format Version 10.00
# Visual Studio 2008
Project("{8BC9CEB8-8B4A-11D0-8D11-00A0C91BC942}") = "EII GA", "EII GA\EII GA.vcproj", "{BC2B2E06-7AA8-436B-AAC5-F6CD1D908709}"
EndProject
Global
	GlobalSection(SolutionConfigurationPlatforms) = preSolution
		Debug|Win32 = Debug|Win32
		Release|Win32 = Release|Win32
	EndGlobalSection
	GlobalSection(ProjectConfigurationPlatforms) = postSolution
		{BC2B2E06-7AA8-436B-AAC5-F6CD1D908709}.Debug|Win32.ActiveCfg = Debug|Win32
		{BC2B2E06-7AA8-436B-AAC5-F6CD1D908709}.Debug|Win32.Build.0 = Debug|Win32
		{BC2B2E06-7AA8-436B-AAC5-F6CD1D908709}.Release|Win32.ActiveCfg = Release|Win32
		{BC2B2E06-7AA8-436B-AAC5-F6CD1D908709}.Release|Win32.Build.0 = Release|Win32
	EndGlobalSection
	GlobalSection(SolutionProperties) = preSolution
		HideSolutionNode = FALSE
	EndGlobalSection
EndGlobal
